
Microsoft Visual Studio Solution File, Format Version 12.00
Project("{FAE04EC0-301F-11D3-BF4B-00C04F79EFBC}") = "SqlTrainer.UserService.Domain", "SqlTrainer.UserService.Domain\SqlTrainer.UserService.Domain.csproj", "{9D442B33-F1EB-47E5-895F-C31B48DFF767}"
EndProject
Project("{2150E333-8FDC-42A3-9474-1A3956D46DE8}") = "Shared", "Shared", "{FD4F8B46-FF6B-4308-B57D-5DBCD560C298}"
EndProject
Project("{2150E333-8FDC-42A3-9474-1A3956D46DE8}") = "UserService", "UserService", "{737A6878-D840-4200-8177-489E8311CCB5}"
EndProject
Project("{FAE04EC0-301F-11D3-BF4B-00C04F79EFBC}") = "SqlTrainer.UserService.Application", "SqlTrainer.UserService.Application\SqlTrainer.UserService.Application.csproj", "{E83C782B-D09D-4340-851D-055AA1CD49C3}"
EndProject
Project("{FAE04EC0-301F-11D3-BF4B-00C04F79EFBC}") = "SqlTrainer.UserService.Persistence", "SqlTrainer.UserService.Persistence\SqlTrainer.UserService.Persistence.csproj", "{5465C81E-B3C2-45ED-B225-23236401E276}"
EndProject
Project("{FAE04EC0-301F-11D3-BF4B-00C04F79EFBC}") = "SqlTrainer.Postgres", "SqlTrainer.Postgres\SqlTrainer.Postgres.csproj", "{73DFCE2D-97EC-4915-BE22-FDABE151A0DA}"
EndProject
Project("{FAE04EC0-301F-11D3-BF4B-00C04F79EFBC}") = "SqlTrainer.UserService.Infrastructure", "SqlTrainer.UserService.Infrastructure\SqlTrainer.UserService.Infrastructure.csproj", "{DAE9BC9E-754A-4C34-8F3D-FBCE8DFCD9D7}"
EndProject
Project("{FAE04EC0-301F-11D3-BF4B-00C04F79EFBC}") = "SqlTrainer.JwtService.Infrastructure", "SqlTrainer.JwtService.Infrastructure\SqlTrainer.JwtService.Infrastructure.csproj", "{6057E4FC-67A6-4E85-A168-CE10757621EE}"
EndProject
Project("{FAE04EC0-301F-11D3-BF4B-00C04F79EFBC}") = "SqlTrainer.UserService.Presentation", "SqlTrainer.UserService.Presentation\SqlTrainer.UserService.Presentation.csproj", "{5C264F04-C73E-4B71-A05A-D5ED9C0098F7}"
EndProject
Project("{FAE04EC0-301F-11D3-BF4B-00C04F79EFBC}") = "SqlTrainer.Presentation", "SqlTrainer.Presentation\SqlTrainer.Presentation.csproj", "{066964F2-B1FE-446D-ACA0-063CF18093F2}"
EndProject
Project("{2150E333-8FDC-42A3-9474-1A3956D46DE8}") = "TestService", "TestService", "{DAD26916-0B91-4D5C-9FDC-AC148D3B838E}"
EndProject
Project("{FAE04EC0-301F-11D3-BF4B-00C04F79EFBC}") = "SqlTrainer.TestService.Domain", "SqlTrainer.TestService.Domain\SqlTrainer.TestService.Domain.csproj", "{CE4FFE69-1010-45F2-872D-6D93D4550801}"
EndProject
Project("{FAE04EC0-301F-11D3-BF4B-00C04F79EFBC}") = "SqlTrainer.TestService.Application", "SqlTrainer.TestService.Application\SqlTrainer.TestService.Application.csproj", "{7A598BDF-80D0-48BC-8F0B-20F14D9331E5}"
EndProject
Project("{FAE04EC0-301F-11D3-BF4B-00C04F79EFBC}") = "SqlTrainer.TestService.Persistence", "SqlTrainer.TestService.Persistence\SqlTrainer.TestService.Persistence.csproj", "{AFEF8FD3-D6A1-491A-BC7F-C6ABC07B5E71}"
EndProject
Project("{FAE04EC0-301F-11D3-BF4B-00C04F79EFBC}") = "SqlTrainer.Domain", "SqlTrainer.Domain\SqlTrainer.Domain.csproj", "{C505F485-C2B8-4B49-9A30-7AF0E4037532}"
EndProject
Project("{FAE04EC0-301F-11D3-BF4B-00C04F79EFBC}") = "SqlTrainer.Persistence", "SqlTrainer.Persistence\SqlTrainer.Persistence.csproj", "{7AAE04E6-3A57-4524-A9CE-82137F4B31D9}"
EndProject
Project("{FAE04EC0-301F-11D3-BF4B-00C04F79EFBC}") = "SqlTrainer.TestService.Infrastructure", "SqlTrainer.TestService.Infrastructure\SqlTrainer.TestService.Infrastructure.csproj", "{195F3380-CC4B-482C-B798-00C3B4396241}"
EndProject
Project("{FAE04EC0-301F-11D3-BF4B-00C04F79EFBC}") = "SqlTrainer.TestService.Presentation", "SqlTrainer.TestService.Presentation\SqlTrainer.TestService.Presentation.csproj", "{1F09990D-11CB-4F6F-AAC8-F74F87D2EF25}"
EndProject
Project("{FAE04EC0-301F-11D3-BF4B-00C04F79EFBC}") = "SqlTrainer.TestService", "SqlTrainer.TestService\SqlTrainer.TestService.csproj", "{B61B3CF6-32DC-4E11-BEB7-216ABA801D48}"
EndProject
Project("{FAE04EC0-301F-11D3-BF4B-00C04F79EFBC}") = "SqlTrainer.UserService", "SqlTrainer.UserService\SqlTrainer.UserService.csproj", "{28A60747-EF45-4BEB-984E-88E597A95A5A}"
EndProject
Global
	GlobalSection(SolutionConfigurationPlatforms) = preSolution
		Debug|Any CPU = Debug|Any CPU
		Release|Any CPU = Release|Any CPU
	EndGlobalSection
	GlobalSection(ProjectConfigurationPlatforms) = postSolution
		{9D442B33-F1EB-47E5-895F-C31B48DFF767}.Debug|Any CPU.ActiveCfg = Debug|Any CPU
		{9D442B33-F1EB-47E5-895F-C31B48DFF767}.Debug|Any CPU.Build.0 = Debug|Any CPU
		{9D442B33-F1EB-47E5-895F-C31B48DFF767}.Release|Any CPU.ActiveCfg = Release|Any CPU
		{9D442B33-F1EB-47E5-895F-C31B48DFF767}.Release|Any CPU.Build.0 = Release|Any CPU
		{E83C782B-D09D-4340-851D-055AA1CD49C3}.Debug|Any CPU.ActiveCfg = Debug|Any CPU
		{E83C782B-D09D-4340-851D-055AA1CD49C3}.Debug|Any CPU.Build.0 = Debug|Any CPU
		{E83C782B-D09D-4340-851D-055AA1CD49C3}.Release|Any CPU.ActiveCfg = Release|Any CPU
		{E83C782B-D09D-4340-851D-055AA1CD49C3}.Release|Any CPU.Build.0 = Release|Any CPU
		{5465C81E-B3C2-45ED-B225-23236401E276}.Debug|Any CPU.ActiveCfg = Debug|Any CPU
		{5465C81E-B3C2-45ED-B225-23236401E276}.Debug|Any CPU.Build.0 = Debug|Any CPU
		{5465C81E-B3C2-45ED-B225-23236401E276}.Release|Any CPU.ActiveCfg = Release|Any CPU
		{5465C81E-B3C2-45ED-B225-23236401E276}.Release|Any CPU.Build.0 = Release|Any CPU
		{73DFCE2D-97EC-4915-BE22-FDABE151A0DA}.Debug|Any CPU.ActiveCfg = Debug|Any CPU
		{73DFCE2D-97EC-4915-BE22-FDABE151A0DA}.Debug|Any CPU.Build.0 = Debug|Any CPU
		{73DFCE2D-97EC-4915-BE22-FDABE151A0DA}.Release|Any CPU.ActiveCfg = Release|Any CPU
		{73DFCE2D-97EC-4915-BE22-FDABE151A0DA}.Release|Any CPU.Build.0 = Release|Any CPU
		{DAE9BC9E-754A-4C34-8F3D-FBCE8DFCD9D7}.Debug|Any CPU.ActiveCfg = Debug|Any CPU
		{DAE9BC9E-754A-4C34-8F3D-FBCE8DFCD9D7}.Debug|Any CPU.Build.0 = Debug|Any CPU
		{DAE9BC9E-754A-4C34-8F3D-FBCE8DFCD9D7}.Release|Any CPU.ActiveCfg = Release|Any CPU
		{DAE9BC9E-754A-4C34-8F3D-FBCE8DFCD9D7}.Release|Any CPU.Build.0 = Release|Any CPU
		{6057E4FC-67A6-4E85-A168-CE10757621EE}.Debug|Any CPU.ActiveCfg = Debug|Any CPU
		{6057E4FC-67A6-4E85-A168-CE10757621EE}.Debug|Any CPU.Build.0 = Debug|Any CPU
		{6057E4FC-67A6-4E85-A168-CE10757621EE}.Release|Any CPU.ActiveCfg = Release|Any CPU
		{6057E4FC-67A6-4E85-A168-CE10757621EE}.Release|Any CPU.Build.0 = Release|Any CPU
		{5C264F04-C73E-4B71-A05A-D5ED9C0098F7}.Debug|Any CPU.ActiveCfg = Debug|Any CPU
		{5C264F04-C73E-4B71-A05A-D5ED9C0098F7}.Debug|Any CPU.Build.0 = Debug|Any CPU
		{5C264F04-C73E-4B71-A05A-D5ED9C0098F7}.Release|Any CPU.ActiveCfg = Release|Any CPU
		{5C264F04-C73E-4B71-A05A-D5ED9C0098F7}.Release|Any CPU.Build.0 = Release|Any CPU
		{066964F2-B1FE-446D-ACA0-063CF18093F2}.Debug|Any CPU.ActiveCfg = Debug|Any CPU
		{066964F2-B1FE-446D-ACA0-063CF18093F2}.Debug|Any CPU.Build.0 = Debug|Any CPU
		{066964F2-B1FE-446D-ACA0-063CF18093F2}.Release|Any CPU.ActiveCfg = Release|Any CPU
		{066964F2-B1FE-446D-ACA0-063CF18093F2}.Release|Any CPU.Build.0 = Release|Any CPU
		{CE4FFE69-1010-45F2-872D-6D93D4550801}.Debug|Any CPU.ActiveCfg = Debug|Any CPU
		{CE4FFE69-1010-45F2-872D-6D93D4550801}.Debug|Any CPU.Build.0 = Debug|Any CPU
		{CE4FFE69-1010-45F2-872D-6D93D4550801}.Release|Any CPU.ActiveCfg = Release|Any CPU
		{CE4FFE69-1010-45F2-872D-6D93D4550801}.Release|Any CPU.Build.0 = Release|Any CPU
		{7A598BDF-80D0-48BC-8F0B-20F14D9331E5}.Debug|Any CPU.ActiveCfg = Debug|Any CPU
		{7A598BDF-80D0-48BC-8F0B-20F14D9331E5}.Debug|Any CPU.Build.0 = Debug|Any CPU
		{7A598BDF-80D0-48BC-8F0B-20F14D9331E5}.Release|Any CPU.ActiveCfg = Release|Any CPU
		{7A598BDF-80D0-48BC-8F0B-20F14D9331E5}.Release|Any CPU.Build.0 = Release|Any CPU
		{AFEF8FD3-D6A1-491A-BC7F-C6ABC07B5E71}.Debug|Any CPU.ActiveCfg = Debug|Any CPU
		{AFEF8FD3-D6A1-491A-BC7F-C6ABC07B5E71}.Debug|Any CPU.Build.0 = Debug|Any CPU
		{AFEF8FD3-D6A1-491A-BC7F-C6ABC07B5E71}.Release|Any CPU.ActiveCfg = Release|Any CPU
		{AFEF8FD3-D6A1-491A-BC7F-C6ABC07B5E71}.Release|Any CPU.Build.0 = Release|Any CPU
		{C505F485-C2B8-4B49-9A30-7AF0E4037532}.Debug|Any CPU.ActiveCfg = Debug|Any CPU
		{C505F485-C2B8-4B49-9A30-7AF0E4037532}.Debug|Any CPU.Build.0 = Debug|Any CPU
		{C505F485-C2B8-4B49-9A30-7AF0E4037532}.Release|Any CPU.ActiveCfg = Release|Any CPU
		{C505F485-C2B8-4B49-9A30-7AF0E4037532}.Release|Any CPU.Build.0 = Release|Any CPU
		{7AAE04E6-3A57-4524-A9CE-82137F4B31D9}.Debug|Any CPU.ActiveCfg = Debug|Any CPU
		{7AAE04E6-3A57-4524-A9CE-82137F4B31D9}.Debug|Any CPU.Build.0 = Debug|Any CPU
		{7AAE04E6-3A57-4524-A9CE-82137F4B31D9}.Release|Any CPU.ActiveCfg = Release|Any CPU
		{7AAE04E6-3A57-4524-A9CE-82137F4B31D9}.Release|Any CPU.Build.0 = Release|Any CPU
		{195F3380-CC4B-482C-B798-00C3B4396241}.Debug|Any CPU.ActiveCfg = Debug|Any CPU
		{195F3380-CC4B-482C-B798-00C3B4396241}.Debug|Any CPU.Build.0 = Debug|Any CPU
		{195F3380-CC4B-482C-B798-00C3B4396241}.Release|Any CPU.ActiveCfg = Release|Any CPU
		{195F3380-CC4B-482C-B798-00C3B4396241}.Release|Any CPU.Build.0 = Release|Any CPU
		{1F09990D-11CB-4F6F-AAC8-F74F87D2EF25}.Debug|Any CPU.ActiveCfg = Debug|Any CPU
		{1F09990D-11CB-4F6F-AAC8-F74F87D2EF25}.Debug|Any CPU.Build.0 = Debug|Any CPU
		{1F09990D-11CB-4F6F-AAC8-F74F87D2EF25}.Release|Any CPU.ActiveCfg = Release|Any CPU
		{1F09990D-11CB-4F6F-AAC8-F74F87D2EF25}.Release|Any CPU.Build.0 = Release|Any CPU
		{B61B3CF6-32DC-4E11-BEB7-216ABA801D48}.Debug|Any CPU.ActiveCfg = Debug|Any CPU
		{B61B3CF6-32DC-4E11-BEB7-216ABA801D48}.Debug|Any CPU.Build.0 = Debug|Any CPU
		{B61B3CF6-32DC-4E11-BEB7-216ABA801D48}.Release|Any CPU.ActiveCfg = Release|Any CPU
		{B61B3CF6-32DC-4E11-BEB7-216ABA801D48}.Release|Any CPU.Build.0 = Release|Any CPU
		{28A60747-EF45-4BEB-984E-88E597A95A5A}.Debug|Any CPU.ActiveCfg = Debug|Any CPU
		{28A60747-EF45-4BEB-984E-88E597A95A5A}.Debug|Any CPU.Build.0 = Debug|Any CPU
		{28A60747-EF45-4BEB-984E-88E597A95A5A}.Release|Any CPU.ActiveCfg = Release|Any CPU
		{28A60747-EF45-4BEB-984E-88E597A95A5A}.Release|Any CPU.Build.0 = Release|Any CPU
	EndGlobalSection
	GlobalSection(NestedProjects) = preSolution
		{9D442B33-F1EB-47E5-895F-C31B48DFF767} = {737A6878-D840-4200-8177-489E8311CCB5}
		{E83C782B-D09D-4340-851D-055AA1CD49C3} = {737A6878-D840-4200-8177-489E8311CCB5}
		{5465C81E-B3C2-45ED-B225-23236401E276} = {737A6878-D840-4200-8177-489E8311CCB5}
		{73DFCE2D-97EC-4915-BE22-FDABE151A0DA} = {FD4F8B46-FF6B-4308-B57D-5DBCD560C298}
		{DAE9BC9E-754A-4C34-8F3D-FBCE8DFCD9D7} = {737A6878-D840-4200-8177-489E8311CCB5}
		{6057E4FC-67A6-4E85-A168-CE10757621EE} = {737A6878-D840-4200-8177-489E8311CCB5}
		{5C264F04-C73E-4B71-A05A-D5ED9C0098F7} = {737A6878-D840-4200-8177-489E8311CCB5}
		{066964F2-B1FE-446D-ACA0-063CF18093F2} = {FD4F8B46-FF6B-4308-B57D-5DBCD560C298}
		{CE4FFE69-1010-45F2-872D-6D93D4550801} = {DAD26916-0B91-4D5C-9FDC-AC148D3B838E}
		{7A598BDF-80D0-48BC-8F0B-20F14D9331E5} = {DAD26916-0B91-4D5C-9FDC-AC148D3B838E}
		{AFEF8FD3-D6A1-491A-BC7F-C6ABC07B5E71} = {DAD26916-0B91-4D5C-9FDC-AC148D3B838E}
		{C505F485-C2B8-4B49-9A30-7AF0E4037532} = {FD4F8B46-FF6B-4308-B57D-5DBCD560C298}
		{7AAE04E6-3A57-4524-A9CE-82137F4B31D9} = {FD4F8B46-FF6B-4308-B57D-5DBCD560C298}
		{195F3380-CC4B-482C-B798-00C3B4396241} = {DAD26916-0B91-4D5C-9FDC-AC148D3B838E}
		{1F09990D-11CB-4F6F-AAC8-F74F87D2EF25} = {DAD26916-0B91-4D5C-9FDC-AC148D3B838E}
		{B61B3CF6-32DC-4E11-BEB7-216ABA801D48} = {DAD26916-0B91-4D5C-9FDC-AC148D3B838E}
		{28A60747-EF45-4BEB-984E-88E597A95A5A} = {737A6878-D840-4200-8177-489E8311CCB5}
	EndGlobalSection
EndGlobal
